
Microsoft Visual Studio Solution File, Format Version 12.00
# Visual Studio Version 17
VisualStudioVersion = 17.9.34902.65
MinimumVisualStudioVersion = 10.0.40219.1
Project("{FAE04EC0-301F-11D3-BF4B-00C04F79EFBC}") = "WeeklyMiniProject2", "WeeklyMiniProject2\WeeklyMiniProject2.csproj", "{20229F25-9D32-432B-983D-CB22C0D2B08D}"
EndProject
Global
	GlobalSection(SolutionConfigurationPlatforms) = preSolution
		Debug|Any CPU = Debug|Any CPU
		Release|Any CPU = Release|Any CPU
	EndGlobalSection
	GlobalSection(ProjectConfigurationPlatforms) = postSolution
		{20229F25-9D32-432B-983D-CB22C0D2B08D}.Debug|Any CPU.ActiveCfg = Debug|Any CPU
		{20229F25-9D32-432B-983D-CB22C0D2B08D}.Debug|Any CPU.Build.0 = Debug|Any CPU
		{20229F25-9D32-432B-983D-CB22C0D2B08D}.Release|Any CPU.ActiveCfg = Release|Any CPU
		{20229F25-9D32-432B-983D-CB22C0D2B08D}.Release|Any CPU.Build.0 = Release|Any CPU
	EndGlobalSection
	GlobalSection(SolutionProperties) = preSolution
		HideSolutionNode = FALSE
	EndGlobalSection
	GlobalSection(ExtensibilityGlobals) = postSolution
		SolutionGuid = {B85AF1C6-DC41-4B69-8B99-58A8F603DA75}
	EndGlobalSection
EndGlobal
